dependencies:
  prettyjson: 1.2.1
lockfileVersion: 5.1
packages:
  /colors/1.4.0:
    dev: false
    engines:
      node: '>=0.1.90'
    resolution:
      integrity: sha512-a+UqTh4kgZg/SlGvfbzDHpgRu7AAQOmmqRHJnxhRZICKFUT91brVhNNt58CMWU9PsBbv3PDCZUHbVxuDiH2mtA==
  /minimist/1.2.0:
    dev: false
    resolution:
      integrity: sha1-o1AIsg9BOD7sH7kU9M1d95omQoQ=
  /prettyjson/1.2.1:
    dependencies:
      colors: 1.4.0
      minimist: 1.2.0
    dev: false
    hasBin: true
    resolution:
      integrity: sha1-/P+rQdGcq0365eV15kJGYZsS0ok=
specifiers:
  prettyjson: ^1.2.1
